
Microsoft Visual Studio Solution File, Format Version 12.00
# Visual Studio Version 16
VisualStudioVersion = 16.0.30011.22
MinimumVisualStudioVersion = 10.0.40219.1
Project("{FAE04EC0-301F-11D3-BF4B-00C04F79EFBC}") = "Balraj_Patient_System", "Balraj_Patient_System\Balraj_Patient_System.csproj", "{50F529B5-184B-4E36-A13D-14DFF4F485F3}"
EndProject
Global
	GlobalSection(SolutionConfigurationPlatforms) = preSolution
		Debug|Any CPU = Debug|Any CPU
		Release|Any CPU = Release|Any CPU
	EndGlobalSection
	GlobalSection(ProjectConfigurationPlatforms) = postSolution
		{50F529B5-184B-4E36-A13D-14DFF4F485F3}.Debug|Any CPU.ActiveCfg = Debug|Any CPU
		{50F529B5-184B-4E36-A13D-14DFF4F485F3}.Debug|Any CPU.Build.0 = Debug|Any CPU
		{50F529B5-184B-4E36-A13D-14DFF4F485F3}.Release|Any CPU.ActiveCfg = Release|Any CPU
		{50F529B5-184B-4E36-A13D-14DFF4F485F3}.Release|Any CPU.Build.0 = Release|Any CPU
	EndGlobalSection
	GlobalSection(SolutionProperties) = preSolution
		HideSolutionNode = FALSE
	EndGlobalSection
	GlobalSection(ExtensibilityGlobals) = postSolution
		SolutionGuid = {D792F855-257E-44D3-AC87-7A601F508F1E}
	EndGlobalSection
EndGlobal
